// !$*UTF8*$!
{
	archiveVersion = 1;
	classes = {
	};
	objectVersion = 46;
	objects = {

/* Begin PBXBuildFile section */
		839B5CAE1E60A4A400D8325E /* AppDelegate.swift in Sources */ = {isa = PBXBuildFile; fileRef = 839B5CAD1E60A4A400D8325E /* AppDelegate.swift */; };
		839B5CB01E60A4A400D8325E /* ViewController.swift in Sources */ = {isa = PBXBuildFile; fileRef = 839B5CAF1E60A4A400D8325E /* ViewController.swift */; };
		839B5CB31E60A4A400D8325E /* Main.storyboard in Resources */ = {isa = PBXBuildFile; fileRef = 839B5CB11E60A4A400D8325E /* Main.storyboard */; };
		839B5CB51E60A4A400D8325E /* Assets.xcassets in Resources */ = {isa = PBXBuildFile; fileRef = 839B5CB41E60A4A400D8325E /* Assets.xcassets */; };
		839B5CB81E60A4A400D8325E /* LaunchScreen.storyboard in Resources */ = {isa = PBXBuildFile; fileRef = 839B5CB61E60A4A400D8325E /* LaunchScreen.storyboard */; };
/* End PBXBuildFile section */

/* Begin PBXFileReference section */
		839B5CAA1E60A4A400D8325E /* heart.app */ = {isa = PBXFileReference; explicitFileType = wrapper.application; includeInIndex = 0; path = heart.app; sourceTree = BUILT_PRODUCTS_DIR; };
		839B5CAD1E60A4A400D8325E /* AppDelegate.swift */ = {isa = PBXFileReference; lastKnownFileType = sourcecode.swift; path = AppDelegate.swift; sourceTree = "<group>"; };
		839B5CAF1E60A4A400D8325E /* ViewController.swift */ = {isa = PBXFileReference; lastKnownFileType = sourcecode.swift; path = ViewController.swift; sourceTree = "<group>"; };
		839B5CB21E60A4A400D8325E /* Base */ = {isa = PBXFileReference; lastKnownFileType = file.storyboard; name = Base; path = Base.lproj/Main.storyboard; sourceTree = "<group>"; };
		839B5CB41E60A4A400D8325E /* Assets.xcassets */ = {isa = PBXFileReference; lastKnownFileType = folder.assetcatalog; path = Assets.xcassets; sourceTree = "<group>"; };
		839B5CB71E60A4A400D8325E /* Base */ = {isa = PBXFileReference; lastKnownFileType = file.storyboard; name = Base; path = Base.lproj/LaunchScreen.storyboard; sourceTree = "<group>"; };
		839B5CB91E60A4A400D8325E /* Info.plist */ = {isa = PBXFileReference; lastKnownFileType = text.plist.xml; path = Info.plist; sourceTree = "<group>"; };
/* End PBXFileReference section */

/* Begin PBXFrameworksBuildPhase section */
		839B5CA71E60A4A400D8325E /* Frameworks */ = {
			isa = PBXFrameworksBuildPhase;
			buildActionMask = 2147483647;
			files = (
			);
			runOnlyForDeploymentPostprocessing = 0;
		};
/* End PBXFrameworksBuildPhase section */

/* Begin PBXGroup section */
		839B5CA11E60A4A300D8325E = {
			isa = PBXGroup;
			children = (
				839B5CAC1E60A4A400D8325E /* heart */,
				839B5CAB1E60A4A400D8325E /* Products */,
			);
			sourceTree = "<group>";
		};
		839B5CAB1E60A4A400D8325E /* Products */ = {
			isa = PBXGroup;
			children = (
				839B5CAA1E60A4A400D8325E /* heart.app */,
			);
			name = Products;
			sourceTree = "<group>";
		};
		839B5CAC1E60A4A400D8325E /* heart */ = {
			isa = PBXGroup;
			children = (
				839B5CAD1E60A4A400D8325E /* AppDelegate.swift */,
				839B5CAF1E60A4A400D8325E /* ViewController.swift */,
				839B5CB11E60A4A400D8325E /* Main.storyboard */,
				839B5CB41E60A4A400D8325E /* Assets.xcassets */,
				839B5CB61E60A4A400D8325E /* LaunchScreen.storyboard */,
				839B5CB91E60A4A400D8325E /* Info.plist */,
			);
			path = heart;
			sourceTree = "<group>";
		};
/* End PBXGroup section */

/* Begin PBXNativeTarget section */
		839B5CA91E60A4A400D8325E /* heart */ = {
			isa = PBXNativeTarget;
			buildConfigurationList = 839B5CBC1E60A4A400D8325E /* Build configuration list for PBXNativeTarget "heart" */;
			buildPhases = (
				839B5CA61E60A4A400D8325E /* Sources */,
				839B5CA71E60A4A400D8325E /* Frameworks */,
				839B5CA81E60A4A400D8325E /* Resources */,
			);
			buildRules = (
			);
			dependencies = (
			);
			name = heart;
			productName = heart;
			productReference = 839B5CAA1E60A4A400D8325E /* heart.app */;
			productType = "com.apple.product-type.application";
		};
/* End PBXNativeTarget section */

/* Begin PBXProject section */
		839B5CA21E60A4A300D8325E /* Project object */ = {
			isa = PBXProject;
			attributes = {
				LastSwiftUpdateCheck = 0820;
				LastUpgradeCheck = 0820;
				ORGANIZATIONNAME = "Chris Slowik";
				TargetAttributes = {
					839B5CA91E60A4A400D8325E = {
						CreatedOnToolsVersion = 8.2.1;
						DevelopmentTeam = 8U4R9Q4J3X;
						ProvisioningStyle = Automatic;
					};
				};
			};
			buildConfigurationList = 839B5CA51E60A4A300D8325E /* Build configuration list for PBXProject "heart" */;
			compatibilityVersion = "Xcode 3.2";
			developmentRegion = English;
			hasScannedForEncodings = 0;
			knownRegions = (
				en,
				Base,
			);
			mainGroup = 839B5CA11E60A4A300D8325E;
			productRefGroup = 839B5CAB1E60A4A400D8325E /* Products */;
			projectDirPath = "";
			projectRoot = "";
			targets = (
				839B5CA91E60A4A400D8325E /* heart */,
			);
		};
/* End PBXProject section */

/* Begin PBXResourcesBuildPhase section */
		839B5CA81E60A4A400D8325E /* Resources */ = {
			isa = PBXResourcesBuildPhase;
			buildActionMask = 2147483647;
			files = (
				839B5CB81E60A4A400D8325E /* LaunchScreen.storyboard in Resources */,
				839B5CB51E60A4A400D8325E /* Assets.xcassets in Resources */,
				839B5CB31E60A4A400D8325E /* Main.storyboard in Resources */,
			);
			runOnlyForDeploymentPostprocessing = 0;
		};
/* End PBXResourcesBuildPhase section */

/* Begin PBXSourcesBuildPhase section */
		839B5CA61E60A4A400D8325E /* Sources */ = {
			isa = PBXSourcesBuildPhase;
			buildActionMask = 2147483647;
			files = (
				839B5CB01E60A4A400D8325E /* ViewController.swift in Sources */,
				839B5CAE1E60A4A400D8325E /* AppDelegate.swift in Sources */,
			);
			runOnlyForDeploymentPostprocessing = 0;
		};
/* End PBXSourcesBuildPhase section */

/* Begin PBXVariantGroup section */
		839B5CB11E60A4A400D8325E /* Main.storyboard */ = {
			isa = PBXVariantGroup;
			children = (
				839B5CB21E60A4A400D8325E /* Base */,
			);
			name = Main.storyboard;
			sourceTree = "<group>";
		};
		839B5CB61E60A4A400D8325E /* LaunchScreen.storyboard */ = {
			isa = PBXVariantGroup;
			children = (
				839B5CB71E60A4A400D8325E /* Base */,
			);
			name = LaunchScreen.storyboard;
			sourceTree = "<group>";
		};
/* End PBXVariantGroup section */

/* Begin XCBuildConfiguration section */
		839B5CBA1E60A4A400D8325E /* Debug */ = {
			isa = XCBuildConfiguration;
			buildSettings = {
				ALWAYS_SEARCH_USER_PATHS = NO;
				CLANG_ANALYZER_NONNULL = YES;
				CLANG_CXX_LANGUAGE_STANDARD = "gnu++0x";
				CLANG_CXX_LIBRARY = "libc++";
				CLANG_ENABLE_MODULES = YES;
				CLANG_ENABLE_OBJC_ARC = YES;
				CLANG_WARN_BOOL_CONVERSION = YES;
				CLANG_WARN_CONSTANT_CONVERSION = YES;
				CLANG_WARN_DIRECT_OBJC_ISA_USAGE = YES_ERROR;
				CLANG_WARN_DOCUMENTATION_COMMENTS = YES;
				CLANG_WARN_EMPTY_BODY = YES;
				CLANG_WARN_ENUM_CONVERSION = YES;
				CLANG_WARN_INFINITE_RECURSION = YES;
				CLANG_WARN_INT_CONVERSION = YES;
				CLANG_WARN_OBJC_ROOT_CLASS = YES_ERROR;
				CLANG_WARN_SUSPICIOUS_MOVE = YES;
				CLANG_WARN_UNREACHABLE_CODE = YES;
				CLANG_WARN__DUPLICATE_METHOD_MATCH = YES;
				"CODE_SIGN_IDENTITY[sdk=iphoneos*]" = "iPhone Developer";
				COPY_PHASE_STRIP = NO;
				DEBUG_INFORMATION_FORMAT = dwarf;
				ENABLE_STRICT_OBJC_MSGSEND = YES;
				ENABLE_TESTABILITY = YES;
				GCC_C_LANGUAGE_STANDARD = gnu99;
				GCC_DYNAMIC_NO_PIC = NO;
				GCC_NO_COMMON_BLOCKS = YES;
				GCC_OPTIMIZATION_LEVEL = 0;
				GCC_PREPROCESSOR_DEFINITIONS = (
					"DEBUG=1",
					"$(inherited)",
				);
				GCC_WARN_64_TO_32_BIT_CONVERSION = YES;
				GCC_WARN_ABOUT_RETURN_TYPE = YES_ERROR;
				GCC_WARN_UNDECLARED_SELECTOR = YES;
				GCC_WARN_UNINITIALIZED_AUTOS = YES_AGGRESSIVE;
				GCC_WARN_UNUSED_FUNCTION = YES;
				GCC_WARN_UNUSED_VARIABLE = YES;
				IPHONEOS_DEPLOYMENT_TARGET = 10.2;
				MTL_ENABLE_DEBUG_INFO = YES;
				ONLY_ACTIVE_ARCH = YES;
				SDKROOT = iphoneos;
				SWIFT_ACTIVE_COMPILATION_CONDITIONS = DEBUG;
				SWIFT_OPTIMIZATION_LEVEL = "-Onone";
			};
			name = Debug;
		};
		839B5CBB1E60A4A400D8325E /* Release */ = {
			isa = XCBuildConfiguration;
			buildSettings = {
				ALWAYS_SEARCH_USER_PATHS = NO;
				CLANG_ANALYZER_NONNULL = YES;
				CLANG_CXX_LANGUAGE_STANDARD = "gnu++0x";
				CLANG_CXX_LIBRARY = "libc++";
				CLANG_ENABLE_MODULES = YES;
				CLANG_ENABLE_OBJC_ARC = YES;
				CLANG_WARN_BOOL_CONVERSION = YES;
				CLANG_WARN_CONSTANT_CONVERSION = YES;
				CLANG_WARN_DIRECT_OBJC_ISA_USAGE = YES_ERROR;
				CLANG_WARN_DOCUMENTATION_COMMENTS = YES;
				CLANG_WARN_EMPTY_BODY = YES;
				CLANG_WARN_ENUM_CONVERSION = YES;
				CLANG_WARN_INFINITE_RECURSION = YES;
				CLANG_WARN_INT_CONVERSION = YES;
				CLANG_WARN_OBJC_ROOT_CLASS = YES_ERROR;
				CLANG_WARN_SUSPICIOUS_MOVE = YES;
				CLANG_WARN_UNREACHABLE_CODE = YES;
				CLANG_WARN__DUPLICATE_METHOD_MATCH = YES;
				"CODE_SIGN_IDENTITY[sdk=iphoneos*]" = "iPhone Developer";
				COPY_PHASE_STRIP = NO;
				DEBUG_INFORMATION_FORMAT = "dwarf-with-dsym";
				ENABLE_NS_ASSERTIONS = NO;
				ENABLE_STRICT_OBJC_MSGSEND = YES;
				GCC_C_LANGUAGE_STANDARD = gnu99;
				GCC_NO_COMMON_BLOCKS = YES;
				GCC_WARN_64_TO_32_BIT_CONVERSION = YES;
				GCC_WARN_ABOUT_RETURN_TYPE = YES_ERROR;
				GCC_WARN_UNDECLARED_SELECTOR = YES;
				GCC_WARN_UNINITIALIZED_AUTOS = YES_AGGRESSIVE;
				GCC_WARN_UNUSED_FUNCTION = YES;
				GCC_WARN_UNUSED_VARIABLE = YES;
				IPHONEOS_DEPLOYMENT_TARGET = 10.2;
				MTL_ENABLE_DEBUG_INFO = NO;
				SDKROOT = iphoneos;
				SWIFT_OPTIMIZATION_LEVEL = "-Owholemodule";
				VALIDATE_PRODUCT = YES;
			};
			name = Release;
		};
		839B5CBD1E60A4A400D8325E /* Debug */ = {
			isa = XCBuildConfiguration;
			buildSettings = {
				ASSETCATALOG_COMPILER_APPICON_NAME = AppIcon;
				DEVELOPMENT_TEAM = 8U4R9Q4J3X;
				INFOPLIST_FILE = heart/Info.plist;
				LD_RUNPATH_SEARCH_PATHS = "$(inherited) @executable_path/Frameworks";
				PRODUCT_BUNDLE_IDENTIFIER = online.slowik.heart;
				PRODUCT_NAME = "$(TARGET_NAME)";
				SWIFT_VERSION = 3.0;
			};
			name = Debug;
		};
		839B5CBE1E60A4A400D8325E /* Release */ = {
			isa = XCBuildConfiguration;
			buildSettings = {
				ASSETCATALOG_COMPILER_APPICON_NAME = AppIcon;
				DEVELOPMENT_TEAM = 8U4R9Q4J3X;
				INFOPLIST_FILE = heart/Info.plist;
				LD_RUNPATH_SEARCH_PATHS = "$(inherited) @executable_path/Frameworks";
				PRODUCT_BUNDLE_IDENTIFIER = online.slowik.heart;
				PRODUCT_NAME = "$(TARGET_NAME)";
				SWIFT_VERSION = 3.0;
			};
			name = Release;
		};
/* End XCBuildConfiguration section */

/* Begin XCConfigurationList section */
		839B5CA51E60A4A300D8325E /* Build configuration list for PBXProject "heart" */ = {
			isa = XCConfigurationList;
			buildConfigurations = (
				839B5CBA1E60A4A400D8325E /* Debug */,
				839B5CBB1E60A4A400D8325E /* Release */,
			);
			defaultConfigurationIsVisible = 0;
			defaultConfigurationName = Release;
		};
		839B5CBC1E60A4A400D8325E /* Build configuration list for PBXNativeTarget "heart" */ = {
			isa = XCConfigurationList;
			buildConfigurations = (
				839B5CBD1E60A4A400D8325E /* Debug */,
				839B5CBE1E60A4A400D8325E /* Release */,
			);
			defaultConfigurationIsVisible = 0;
		};
/* End XCConfigurationList section */
	};
	rootObject = 839B5CA21E60A4A300D8325E /* Project object */;
}
